{
  "name": "seashark1-slubendo",
  "lockfileVersion": 3,
  "requires": true,
  "packages": {
    "": {
      "dependencies": {
        "@tanstack/react-form": "^0.13.4",
        "@tanstack/zod-form-adapter": "^0.13.4",
        "zod": "^3.22.4"
      }
    },
    "node_modules/@tanstack/form-core": {
      "version": "0.13.4",
      "resolved": "https://registry.npmjs.org/@tanstack/form-core/-/form-core-0.13.4.tgz",
      "integrity": "sha512-ocrazhkElNZ/txnQ5/jEb0lR3oxEIvDUDQ8TcGLV3mUL47p9LLDTZ2q+CyUpiedTMf9mkTvQ6kUGMoRozq+l4A==",
      "dependencies": {
        "@tanstack/store": "0.1.3"
      },
      "funding": {
        "type": "github",
        "url": "https://github.com/sponsors/tannerlinsley"
      }
    },
    "node_modules/@tanstack/react-form": {
      "version": "0.13.4",
      "resolved": "https://registry.npmjs.org/@tanstack/react-form/-/react-form-0.13.4.tgz",
      "integrity": "sha512-DFdRJt7cwMFmAPs4TftWKMrxoQNaQevsAQIyY4kkVb6ujaQXsrYQ1KfPBxpULNW5HSWUegtkHRcEAuLL00UFog==",
      "dependencies": {
        "@tanstack/form-core": "0.13.4",
        "@tanstack/react-store": "^0.2.1",
        "decode-formdata": "^0.4.0",
        "rehackt": "^0.0.3"
      },
      "funding": {
        "type": "github",
        "url": "https://github.com/sponsors/tannerlinsley"
      },
      "peerDependencies": {
        "react": "^17.0.0 || ^18.0.0",
        "react-dom": "^17.0.0 || ^18.0.0",
        "react-native": "*"
      },
      "peerDependenciesMeta": {
        "react-dom": {
          "optional": true
        },
        "react-native": {
          "optional": true
        }
      }
    },
    "node_modules/@tanstack/react-store": {
      "version": "0.2.1",
      "resolved": "https://registry.npmjs.org/@tanstack/react-store/-/react-store-0.2.1.tgz",
      "integrity": "sha512-tEbMCQjbeVw9KOP/202LfqZMSNAVi6zYkkp1kBom8nFuMx/965Hzes3+6G6b/comCwVxoJU8Gg9IrcF8yRPthw==",
      "dependencies": {
        "@tanstack/store": "0.1.3",
        "use-sync-external-store": "^1.2.0"
      },
      "funding": {
        "type": "github",
        "url": "https://github.com/sponsors/tannerlinsley"
      },
      "peerDependencies": {
        "react": ">=16",
        "react-dom": ">=16"
      }
    },
    "node_modules/@tanstack/store": {
      "version": "0.1.3",
      "resolved": "https://registry.npmjs.org/@tanstack/store/-/store-0.1.3.tgz",
      "integrity": "sha512-GnolmC8Fr4mvsHE1fGQmR3Nm0eBO3KnZjDU0a+P3TeQNM/dDscFGxtA7p31NplQNW3KwBw4t1RVFmz0VeKLxcw==",
      "funding": {
        "type": "github",
        "url": "https://github.com/sponsors/tannerlinsley"
      }
    },
    "node_modules/@tanstack/zod-form-adapter": {
      "version": "0.13.4",
      "resolved": "https://registry.npmjs.org/@tanstack/zod-form-adapter/-/zod-form-adapter-0.13.4.tgz",
      "integrity": "sha512-GxV6gyAimcWlIMF3q7jguxzSeRlp0UOfbkaT5D9pZr9pxE+DbBH4aaAtVrW1kGSW/hVBBGuNNhChmV/ijUxflw==",
      "dependencies": {
        "@tanstack/form-core": "0.13.4"
      },
      "funding": {
        "type": "github",
        "url": "https://github.com/sponsors/tannerlinsley"
      },
      "peerDependencies": {
        "zod": "^3.x"
      }
    },
    "node_modules/decode-formdata": {
      "version": "0.4.0",
      "resolved": "https://registry.npmjs.org/decode-formdata/-/decode-formdata-0.4.0.tgz",
      "integrity": "sha512-/OMUlsRLrSgHPOWCwembsFFTT4DY7Ts9GGlwK8v9yeLOyYZSPKIfn/1oOuV9UmpQ9CZi5JeyT8edunRoBOOl5g=="
    },
    "node_modules/js-tokens": {
      "version": "4.0.0",
      "resolved": "https://registry.npmjs.org/js-tokens/-/js-tokens-4.0.0.tgz",
      "integrity": "sha512-RdJUflcE3cUzKiMqQgsCu06FPu9UdIJO0beYbPhHN4k6apgJtifcoCtT9bcxOpYBtpD2kCM6Sbzg4CausW/PKQ==",
      "peer": true
    },
    "node_modules/loose-envify": {
      "version": "1.4.0",
      "resolved": "https://registry.npmjs.org/loose-envify/-/loose-envify-1.4.0.tgz",
      "integrity": "sha512-lyuxPGr/Wfhrlem2CL/UcnUc1zcqKAImBDzukY7Y5F/yQiNdko6+fRLevlw1HgMySw7f611UIY408EtxRSoK3Q==",
      "peer": true,
      "dependencies": {
        "js-tokens": "^3.0.0 || ^4.0.0"
      },
      "bin": {
        "loose-envify": "cli.js"
      }
    },
    "node_modules/react": {
      "version": "18.2.0",
      "resolved": "https://registry.npmjs.org/react/-/react-18.2.0.tgz",
      "integrity": "sha512-/3IjMdb2L9QbBdWiW5e3P2/npwMBaU9mHCSCUzNln0ZCYbcfTsGbTJrU/kGemdH2IWmB2ioZ+zkxtmq6g09fGQ==",
      "peer": true,
      "dependencies": {
        "loose-envify": "^1.1.0"
      },
      "engines": {
        "node": ">=0.10.0"
      }
    },
    "node_modules/react-dom": {
      "version": "18.2.0",
      "resolved": "https://registry.npmjs.org/react-dom/-/react-dom-18.2.0.tgz",
      "integrity": "sha512-6IMTriUmvsjHUjNtEDudZfuDQUoWXVxKHhlEGSk81n4YFS+r/Kl99wXiwlVXtPBtJenozv2P+hxDsw9eA7Xo6g==",
      "peer": true,
      "dependencies": {
        "loose-envify": "^1.1.0",
        "scheduler": "^0.23.0"
      },
      "peerDependencies": {
        "react": "^18.2.0"
      }
    },
    "node_modules/rehackt": {
      "version": "0.0.3",
      "resolved": "https://registry.npmjs.org/rehackt/-/rehackt-0.0.3.tgz",
      "integrity": "sha512-aBRHudKhOWwsTvCbSoinzq+Lej/7R8e8UoPvLZo5HirZIIBLGAgdG7SL9QpdcBoQ7+3QYPi3lRLknAzXBlhZ7g==",
      "peerDependencies": {
        "@types/react": "*",
        "react": "*"
      },
      "peerDependenciesMeta": {
        "@types/react": {
          "optional": true
        },
        "react": {
          "optional": true
        }
      }
    },
    "node_modules/scheduler": {
      "version": "0.23.0",
      "resolved": "https://registry.npmjs.org/scheduler/-/scheduler-0.23.0.tgz",
      "integrity": "sha512-CtuThmgHNg7zIZWAXi3AsyIzA3n4xx7aNyjwC2VJldO2LMVDhFK+63xGqq6CsJH4rTAt6/M+N4GhZiDYPx9eUw==",
      "peer": true,
      "dependencies": {
        "loose-envify": "^1.1.0"
      }
    },
    "node_modules/use-sync-external-store": {
      "version": "1.2.0",
      "resolved": "https://registry.npmjs.org/use-sync-external-store/-/use-sync-external-store-1.2.0.tgz",
      "integrity": "sha512-eEgnFxGQ1Ife9bzYs6VLi8/4X6CObHMw9Qr9tPY43iKwsPw8xE8+EFsf/2cFZ5S3esXgpWgtSCtLNS41F+sKPA==",
      "peerDependencies": {
        "react": "^16.8.0 || ^17.0.0 || ^18.0.0"
      }
    },
    "node_modules/zod": {
      "version": "3.22.4",
      "resolved": "https://registry.npmjs.org/zod/-/zod-3.22.4.tgz",
      "integrity": "sha512-iC+8Io04lddc+mVqQ9AZ7OQ2MrUKGN+oIQyq1vemgt46jwCwLfhq7/pwnBnNXXXZb8VTVLKwp9EDkx+ryxIWmg==",
      "funding": {
        "url": "https://github.com/sponsors/colinhacks"
      }
    }
  }
}
